
Microsoft Visual Studio Solution File, Format Version 12.00
# Visual Studio Version 16
VisualStudioVersion = 16.0.29201.188
MinimumVisualStudioVersion = 10.0.40219.1
Project("{FAE04EC0-301F-11D3-BF4B-00C04F79EFBC}") = "Fox.Web", "Fox.Web\Fox.Web.csproj", "{9EB57519-D548-464D-806E-C0BEEDFAE521}"
EndProject
Project("{FAE04EC0-301F-11D3-BF4B-00C04F79EFBC}") = "Fox.Model", "Fox.Model\Fox.Model.csproj", "{27678E1E-BED7-4422-86D2-298EA4AF1CF1}"
EndProject
Project("{FAE04EC0-301F-11D3-BF4B-00C04F79EFBC}") = "Fox.Repository", "Fox.Repository\Fox.Repository.csproj", "{D8F3F869-0102-4B0F-BECE-AC956A96EDA8}"
EndProject
Global
	GlobalSection(SolutionConfigurationPlatforms) = preSolution
		Debug|Any CPU = Debug|Any CPU
		Release|Any CPU = Release|Any CPU
	EndGlobalSection
	GlobalSection(ProjectConfigurationPlatforms) = postSolution
		{9EB57519-D548-464D-806E-C0BEEDFAE521}.Debug|Any CPU.ActiveCfg = Debug|Any CPU
		{9EB57519-D548-464D-806E-C0BEEDFAE521}.Debug|Any CPU.Build.0 = Debug|Any CPU
		{9EB57519-D548-464D-806E-C0BEEDFAE521}.Release|Any CPU.ActiveCfg = Release|Any CPU
		{9EB57519-D548-464D-806E-C0BEEDFAE521}.Release|Any CPU.Build.0 = Release|Any CPU
		{27678E1E-BED7-4422-86D2-298EA4AF1CF1}.Debug|Any CPU.ActiveCfg = Debug|Any CPU
		{27678E1E-BED7-4422-86D2-298EA4AF1CF1}.Debug|Any CPU.Build.0 = Debug|Any CPU
		{27678E1E-BED7-4422-86D2-298EA4AF1CF1}.Release|Any CPU.ActiveCfg = Release|Any CPU
		{27678E1E-BED7-4422-86D2-298EA4AF1CF1}.Release|Any CPU.Build.0 = Release|Any CPU
		{D8F3F869-0102-4B0F-BECE-AC956A96EDA8}.Debug|Any CPU.ActiveCfg = Debug|Any CPU
		{D8F3F869-0102-4B0F-BECE-AC956A96EDA8}.Debug|Any CPU.Build.0 = Debug|Any CPU
		{D8F3F869-0102-4B0F-BECE-AC956A96EDA8}.Release|Any CPU.ActiveCfg = Release|Any CPU
		{D8F3F869-0102-4B0F-BECE-AC956A96EDA8}.Release|Any CPU.Build.0 = Release|Any CPU
	EndGlobalSection
	GlobalSection(SolutionProperties) = preSolution
		HideSolutionNode = FALSE
	EndGlobalSection
	GlobalSection(ExtensibilityGlobals) = postSolution
		SolutionGuid = {13CD897C-A726-430B-AB79-284BFE358512}
	EndGlobalSection
EndGlobal
